
Microsoft Visual Studio Solution File, Format Version 12.00
# Visual Studio 15
VisualStudioVersion = 15.0.27703.2042
MinimumVisualStudioVersion = 10.0.40219.1
Project("{FAE04EC0-301F-11D3-BF4B-00C04F79EFBC}") = "aula-4-loop", "aula-4-loop\aula-4-loop.csproj", "{4558DC97-6973-4A3B-8EED-503C8CBB4406}"
EndProject
Global
	GlobalSection(SolutionConfigurationPlatforms) = preSolution
		Debug|Any CPU = Debug|Any CPU
		Release|Any CPU = Release|Any CPU
	EndGlobalSection
	GlobalSection(ProjectConfigurationPlatforms) = postSolution
		{4558DC97-6973-4A3B-8EED-503C8CBB4406}.Debug|Any CPU.ActiveCfg = Debug|Any CPU
		{4558DC97-6973-4A3B-8EED-503C8CBB4406}.Debug|Any CPU.Build.0 = Debug|Any CPU
		{4558DC97-6973-4A3B-8EED-503C8CBB4406}.Release|Any CPU.ActiveCfg = Release|Any CPU
		{4558DC97-6973-4A3B-8EED-503C8CBB4406}.Release|Any CPU.Build.0 = Release|Any CPU
	EndGlobalSection
	GlobalSection(SolutionProperties) = preSolution
		HideSolutionNode = FALSE
	EndGlobalSection
	GlobalSection(ExtensibilityGlobals) = postSolution
		SolutionGuid = {4F9007C5-7CE6-4B37-A426-7942CE5F7EE6}
	EndGlobalSection
EndGlobal
